PODS:
  - FMDB (2.4):
    - FMDB/standard
  - FMDB/common (2.4)
  - FMDB/standard (2.4):
    - FMDB/common
  - SIOSocket (0.2.0)
  - SocketRocket (0.3.1-beta2)

DEPENDENCIES:
  - FMDB
  - SIOSocket (~> 0.2.0)
  - SocketRocket

SPEC CHECKSUMS:
  FMDB: 0b2fa25e5264ef177973c0cb8c02c711107979aa
  SIOSocket: 40ebc9f014b9fec4ec595212faaf6f19cf29d1f2
  SocketRocket: 79a68ae186063c65e1fe6f638b1ae2927aa5f304

COCOAPODS: 0.34.4
