// !$*UTF8*$!
{
	archiveVersion = 1;
	classes = {
	};
	objectVersion = 46;
	objects = {

/* Begin PBXBuildFile section */
		1AB3850419FB25F600243F92 /* NetworkUtil.m in Sources */ = {isa = PBXBuildFile; fileRef = 1AB3850319FB25F600243F92 /* NetworkUtil.m */; };
		1AB3850719FB4D3300243F92 /* QRCodeSaveDelegate.m in Sources */ = {isa = PBXBuildFile; fileRef = 1AB3850619FB4D3300243F92 /* QRCodeSaveDelegate.m */; };
		1AB423D219F8A8A300914ABF /* KandiTagNavigationController.m in Sources */ = {isa = PBXBuildFile; fileRef = 1AB423D119F8A8A300914ABF /* KandiTagNavigationController.m */; };
		1AB423D519F8AC0300914ABF /* QRScannerViewController.m in Sources */ = {isa = PBXBuildFile; fileRef = 1AB423D419F8AC0300914ABF /* QRScannerViewController.m */; };
		1AB423D819F8B58000914ABF /* KandiDetailViewController.m in Sources */ = {isa = PBXBuildFile; fileRef = 1AB423D719F8B58000914ABF /* KandiDetailViewController.m */; };
		1AB423DB19F8B63F00914ABF /* KandiTableViewCell.m in Sources */ = {isa = PBXBuildFile; fileRef = 1AB423DA19F8B63F00914ABF /* KandiTableViewCell.m */; };
		1AB423DE19F8BD9E00914ABF /* KandiDetailTableViewController.m in Sources */ = {isa = PBXBuildFile; fileRef = 1AB423DD19F8BD9E00914ABF /* KandiDetailTableViewController.m */; };
		1AB423E119F8BE1E00914ABF /* KandiFriendMessageTableCell.m in Sources */ = {isa = PBXBuildFile; fileRef = 1AB423E019F8BE1E00914ABF /* KandiFriendMessageTableCell.m */; };
		380334A719D9C15000D8A405 /* PageViewController.m in Sources */ = {isa = PBXBuildFile; fileRef = 380334A619D9C15000D8A405 /* PageViewController.m */; };
		381A8D1119C0348800AE4336 /* FacebookSDK.framework in Frameworks */ = {isa = PBXBuildFile; fileRef = 381A8D1019C0348800AE4336 /* FacebookSDK.framework */; };
		382DAC2419F4653A00A077B8 /* ShapeView.m in Sources */ = {isa = PBXBuildFile; fileRef = 382DAC2319F4653A00A077B8 /* ShapeView.m */; };
		38392AE719BFE3A300D9D2CD /* AVFoundation.framework in Frameworks */ = {isa = PBXBuildFile; fileRef = 38392AE619BFE3A300D9D2CD /* AVFoundation.framework */; };
		3842D4FD19E899A400B11119 /* kandiDB.sqlite in Resources */ = {isa = PBXBuildFile; fileRef = 38A72D5419E8780E00AC5BDE /* kandiDB.sqlite */; };
		3864FA0419D8CD2800AB72A7 /* KandiTableViewController.m in Sources */ = {isa = PBXBuildFile; fileRef = 3864FA0319D8CD2800AB72A7 /* KandiTableViewController.m */; };
		386EAC5019E4DD09008E7C88 /* libsqlite3.0.dylib in Frameworks */ = {isa = PBXBuildFile; fileRef = 386EAC4F19E4DD09008E7C88 /* libsqlite3.0.dylib */; };
		388BD25D19BEB98100ED1571 /* Foundation.framework in Frameworks */ = {isa = PBXBuildFile; fileRef = 388BD25C19BEB98100ED1571 /* Foundation.framework */; };
		388BD25F19BEB98100ED1571 /* CoreGraphics.framework in Frameworks */ = {isa = PBXBuildFile; fileRef = 388BD25E19BEB98100ED1571 /* CoreGraphics.framework */; };
		388BD26119BEB98100ED1571 /* UIKit.framework in Frameworks */ = {isa = PBXBuildFile; fileRef = 388BD26019BEB98100ED1571 /* UIKit.framework */; };
		388BD26719BEB98100ED1571 /* InfoPlist.strings in Resources */ = {isa = PBXBuildFile; fileRef = 388BD26519BEB98100ED1571 /* InfoPlist.strings */; };
		388BD26919BEB98100ED1571 /* main.m in Sources */ = {isa = PBXBuildFile; fileRef = 388BD26819BEB98100ED1571 /* main.m */; };
		388BD26D19BEB98100ED1571 /* AppDelegate.m in Sources */ = {isa = PBXBuildFile; fileRef = 388BD26C19BEB98100ED1571 /* AppDelegate.m */; };
		388BD27019BEB98100ED1571 /* Main.storyboard in Resources */ = {isa = PBXBuildFile; fileRef = 388BD26E19BEB98100ED1571 /* Main.storyboard */; };
		388BD27519BEB98100ED1571 /* Images.xcassets in Resources */ = {isa = PBXBuildFile; fileRef = 388BD27419BEB98100ED1571 /* Images.xcassets */; };
		388BD27C19BEB98100ED1571 /* XCTest.framework in Frameworks */ = {isa = PBXBuildFile; fileRef = 388BD27B19BEB98100ED1571 /* XCTest.framework */; };
		388BD27D19BEB98100ED1571 /* Foundation.framework in Frameworks */ = {isa = PBXBuildFile; fileRef = 388BD25C19BEB98100ED1571 /* Foundation.framework */; };
		388BD27E19BEB98100ED1571 /* UIKit.framework in Frameworks */ = {isa = PBXBuildFile; fileRef = 388BD26019BEB98100ED1571 /* UIKit.framework */; };
		388BD28619BEB98100ED1571 /* InfoPlist.strings in Resources */ = {isa = PBXBuildFile; fileRef = 388BD28419BEB98100ED1571 /* InfoPlist.strings */; };
		388BD28819BEB98100ED1571 /* KandiTAGTests.m in Sources */ = {isa = PBXBuildFile; fileRef = 388BD28719BEB98100ED1571 /* KandiTAGTests.m */; };
		3892934F19F0ADCE005BEB8D /* User.m in Sources */ = {isa = PBXBuildFile; fileRef = 3892934E19F0ADCE005BEB8D /* User.m */; };
		3892935219F0B48F005BEB8D /* QRCode.m in Sources */ = {isa = PBXBuildFile; fileRef = 3892935119F0B48F005BEB8D /* QRCode.m */; };
		3892935519F0B4D6005BEB8D /* Ownership.m in Sources */ = {isa = PBXBuildFile; fileRef = 3892935419F0B4D6005BEB8D /* Ownership.m */; };
		38989F4F19F48D2D00E0D541 /* DetailVC.m in Sources */ = {isa = PBXBuildFile; fileRef = 38989F4E19F48D2D00E0D541 /* DetailVC.m */; };
		38B5903119C6AD7E00D27644 /* SettingsViewController.m in Sources */ = {isa = PBXBuildFile; fileRef = 38B5903019C6AD7E00D27644 /* SettingsViewController.m */; };
		38F9FA6019C0D3E800EDA64C /* FBLoginViewController.m in Sources */ = {isa = PBXBuildFile; fileRef = 38F9FA5F19C0D3E800EDA64C /* FBLoginViewController.m */; };
/* End PBXBuildFile section */

/* Begin PBXContainerItemProxy section */
		388BD27F19BEB98100ED1571 /* PBXContainerItemProxy */ = {
			isa = PBXContainerItemProxy;
			containerPortal = 388BD25119BEB98100ED1571 /* Project object */;
			proxyType = 1;
			remoteGlobalIDString = 388BD25819BEB98100ED1571;
			remoteInfo = KandiTAG;
		};
/* End PBXContainerItemProxy section */

/* Begin PBXFileReference section */
		1AB3850219FB25F600243F92 /* NetworkUtil.h */ = {isa = PBXFileReference; fileEncoding = 4; lastKnownFileType = sourcecode.c.h; path = NetworkUtil.h; sourceTree = "<group>"; };
		1AB3850319FB25F600243F92 /* NetworkUtil.m */ = {isa = PBXFileReference; fileEncoding = 4; lastKnownFileType = sourcecode.c.objc; path = NetworkUtil.m; sourceTree = "<group>"; };
		1AB3850519FB4D3300243F92 /* QRCodeSaveDelegate.h */ = {isa = PBXFileReference; fileEncoding = 4; lastKnownFileType = sourcecode.c.h; path = QRCodeSaveDelegate.h; sourceTree = "<group>"; };
		1AB3850619FB4D3300243F92 /* QRCodeSaveDelegate.m */ = {isa = PBXFileReference; fileEncoding = 4; lastKnownFileType = sourcecode.c.objc; path = QRCodeSaveDelegate.m; sourceTree = "<group>"; };
		1AB423D019F8A8A300914ABF /* KandiTagNavigationController.h */ = {isa = PBXFileReference; fileEncoding = 4; lastKnownFileType = sourcecode.c.h; path = KandiTagNavigationController.h; sourceTree = "<group>"; };
		1AB423D119F8A8A300914ABF /* KandiTagNavigationController.m */ = {isa = PBXFileReference; fileEncoding = 4; lastKnownFileType = sourcecode.c.objc; path = KandiTagNavigationController.m; sourceTree = "<group>"; };
		1AB423D319F8AC0300914ABF /* QRScannerViewController.h */ = {isa = PBXFileReference; fileEncoding = 4; lastKnownFileType = sourcecode.c.h; path = QRScannerViewController.h; sourceTree = "<group>"; };
		1AB423D419F8AC0300914ABF /* QRScannerViewController.m */ = {isa = PBXFileReference; fileEncoding = 4; lastKnownFileType = sourcecode.c.objc; path = QRScannerViewController.m; sourceTree = "<group>"; };
		1AB423D619F8B58000914ABF /* KandiDetailViewController.h */ = {isa = PBXFileReference; fileEncoding = 4; lastKnownFileType = sourcecode.c.h; path = KandiDetailViewController.h; sourceTree = "<group>"; };
		1AB423D719F8B58000914ABF /* KandiDetailViewController.m */ = {isa = PBXFileReference; fileEncoding = 4; lastKnownFileType = sourcecode.c.objc; path = KandiDetailViewController.m; sourceTree = "<group>"; };
		1AB423D919F8B63F00914ABF /* KandiTableViewCell.h */ = {isa = PBXFileReference; fileEncoding = 4; lastKnownFileType = sourcecode.c.h; path = KandiTableViewCell.h; sourceTree = "<group>"; };
		1AB423DA19F8B63F00914ABF /* KandiTableViewCell.m */ = {isa = PBXFileReference; fileEncoding = 4; lastKnownFileType = sourcecode.c.objc; path = KandiTableViewCell.m; sourceTree = "<group>"; };
		1AB423DC19F8BD9E00914ABF /* KandiDetailTableViewController.h */ = {isa = PBXFileReference; fileEncoding = 4; lastKnownFileType = sourcecode.c.h; path = KandiDetailTableViewController.h; sourceTree = "<group>"; };
		1AB423DD19F8BD9E00914ABF /* KandiDetailTableViewController.m */ = {isa = PBXFileReference; fileEncoding = 4; lastKnownFileType = sourcecode.c.objc; path = KandiDetailTableViewController.m; sourceTree = "<group>"; };
		1AB423DF19F8BE1E00914ABF /* KandiFriendMessageTableCell.h */ = {isa = PBXFileReference; fileEncoding = 4; lastKnownFileType = sourcecode.c.h; path = KandiFriendMessageTableCell.h; sourceTree = "<group>"; };
		1AB423E019F8BE1E00914ABF /* KandiFriendMessageTableCell.m */ = {isa = PBXFileReference; fileEncoding = 4; lastKnownFileType = sourcecode.c.objc; path = KandiFriendMessageTableCell.m; sourceTree = "<group>"; };
		380334A519D9C15000D8A405 /* PageViewController.h */ = {isa = PBXFileReference; fileEncoding = 4; lastKnownFileType = sourcecode.c.h; path = PageViewController.h; sourceTree = "<group>"; };
		380334A619D9C15000D8A405 /* PageViewController.m */ = {isa = PBXFileReference; fileEncoding = 4; lastKnownFileType = sourcecode.c.objc; path = PageViewController.m; sourceTree = "<group>"; };
		381A8D1019C0348800AE4336 /* FacebookSDK.framework */ = {isa = PBXFileReference; lastKnownFileType = wrapper.framework; path = FacebookSDK.framework; sourceTree = "<group>"; };
		382DAC2219F4653A00A077B8 /* ShapeView.h */ = {isa = PBXFileReference; fileEncoding = 4; lastKnownFileType = sourcecode.c.h; path = ShapeView.h; sourceTree = "<group>"; };
		382DAC2319F4653A00A077B8 /* ShapeView.m */ = {isa = PBXFileReference; fileEncoding = 4; lastKnownFileType = sourcecode.c.objc; path = ShapeView.m; sourceTree = "<group>"; };
		38392AE619BFE3A300D9D2CD /* AVFoundation.framework */ = {isa = PBXFileReference; lastKnownFileType = wrapper.framework; name = AVFoundation.framework; path = System/Library/Frameworks/AVFoundation.framework; sourceTree = SDKROOT; };
		3864FA0219D8CD2800AB72A7 /* KandiTableViewController.h */ = {isa = PBXFileReference; fileEncoding = 4; lastKnownFileType = sourcecode.c.h; name = KandiTableViewController.h; path = ../KandiTableViewController.h; sourceTree = "<group>"; };
		3864FA0319D8CD2800AB72A7 /* KandiTableViewController.m */ = {isa = PBXFileReference; fileEncoding = 4; lastKnownFileType = sourcecode.c.objc; name = KandiTableViewController.m; path = ../KandiTableViewController.m; sourceTree = "<group>"; };
		386EAC4F19E4DD09008E7C88 /* libsqlite3.0.dylib */ = {isa = PBXFileReference; lastKnownFileType = "compiled.mach-o.dylib"; name = libsqlite3.0.dylib; path = usr/lib/libsqlite3.0.dylib; sourceTree = SDKROOT; };
		388BD25919BEB98100ED1571 /* KandiTAG.app */ = {isa = PBXFileReference; explicitFileType = wrapper.application; includeInIndex = 0; path = KandiTAG.app; sourceTree = BUILT_PRODUCTS_DIR; };
		388BD25C19BEB98100ED1571 /* Foundation.framework */ = {isa = PBXFileReference; lastKnownFileType = wrapper.framework; name = Foundation.framework; path = System/Library/Frameworks/Foundation.framework; sourceTree = SDKROOT; };
		388BD25E19BEB98100ED1571 /* CoreGraphics.framework */ = {isa = PBXFileReference; lastKnownFileType = wrapper.framework; name = CoreGraphics.framework; path = System/Library/Frameworks/CoreGraphics.framework; sourceTree = SDKROOT; };
		388BD26019BEB98100ED1571 /* UIKit.framework */ = {isa = PBXFileReference; lastKnownFileType = wrapper.framework; name = UIKit.framework; path = System/Library/Frameworks/UIKit.framework; sourceTree = SDKROOT; };
		388BD26419BEB98100ED1571 /* KandiTAG-Info.plist */ = {isa = PBXFileReference; lastKnownFileType = text.plist.xml; path = "KandiTAG-Info.plist"; sourceTree = "<group>"; };
		388BD26619BEB98100ED1571 /* en */ = {isa = PBXFileReference; lastKnownFileType = text.plist.strings; name = en; path = en.lproj/InfoPlist.strings; sourceTree = "<group>"; };
		388BD26819BEB98100ED1571 /* main.m */ = {isa = PBXFileReference; lastKnownFileType = sourcecode.c.objc; path = main.m; sourceTree = "<group>"; };
		388BD26A19BEB98100ED1571 /* KandiTAG-Prefix.pch */ = {isa = PBXFileReference; lastKnownFileType = sourcecode.c.h; path = "KandiTAG-Prefix.pch"; sourceTree = "<group>"; };
		388BD26B19BEB98100ED1571 /* AppDelegate.h */ = {isa = PBXFileReference; lastKnownFileType = sourcecode.c.h; path = AppDelegate.h; sourceTree = "<group>"; };
		388BD26C19BEB98100ED1571 /* AppDelegate.m */ = {isa = PBXFileReference; lastKnownFileType = sourcecode.c.objc; path = AppDelegate.m; sourceTree = "<group>"; };
		388BD26F19BEB98100ED1571 /* Base */ = {isa = PBXFileReference; lastKnownFileType = file.storyboard; name = Base; path = Base.lproj/Main.storyboard; sourceTree = "<group>"; };
		388BD27419BEB98100ED1571 /* Images.xcassets */ = {isa = PBXFileReference; lastKnownFileType = folder.assetcatalog; path = Images.xcassets; sourceTree = "<group>"; };
		388BD27A19BEB98100ED1571 /* KandiTAGTests.xctest */ = {isa = PBXFileReference; explicitFileType = wrapper.cfbundle; includeInIndex = 0; path = KandiTAGTests.xctest; sourceTree = BUILT_PRODUCTS_DIR; };
		388BD27B19BEB98100ED1571 /* XCTest.framework */ = {isa = PBXFileReference; lastKnownFileType = wrapper.framework; name = XCTest.framework; path = Library/Frameworks/XCTest.framework; sourceTree = DEVELOPER_DIR; };
		388BD28319BEB98100ED1571 /* KandiTAGTests-Info.plist */ = {isa = PBXFileReference; lastKnownFileType = text.plist.xml; path = "KandiTAGTests-Info.plist"; sourceTree = "<group>"; };
		388BD28519BEB98100ED1571 /* en */ = {isa = PBXFileReference; lastKnownFileType = text.plist.strings; name = en; path = en.lproj/InfoPlist.strings; sourceTree = "<group>"; };
		388BD28719BEB98100ED1571 /* KandiTAGTests.m */ = {isa = PBXFileReference; lastKnownFileType = sourcecode.c.objc; path = KandiTAGTests.m; sourceTree = "<group>"; };
		3892934D19F0ADCE005BEB8D /* User.h */ = {isa = PBXFileReference; fileEncoding = 4; lastKnownFileType = sourcecode.c.h; path = User.h; sourceTree = "<group>"; };
		3892934E19F0ADCE005BEB8D /* User.m */ = {isa = PBXFileReference; fileEncoding = 4; lastKnownFileType = sourcecode.c.objc; path = User.m; sourceTree = "<group>"; };
		3892935019F0B48F005BEB8D /* QRCode.h */ = {isa = PBXFileReference; fileEncoding = 4; lastKnownFileType = sourcecode.c.h; path = QRCode.h; sourceTree = "<group>"; };
		3892935119F0B48F005BEB8D /* QRCode.m */ = {isa = PBXFileReference; fileEncoding = 4; lastKnownFileType = sourcecode.c.objc; path = QRCode.m; sourceTree = "<group>"; };
		3892935319F0B4D6005BEB8D /* Ownership.h */ = {isa = PBXFileReference; fileEncoding = 4; lastKnownFileType = sourcecode.c.h; path = Ownership.h; sourceTree = "<group>"; };
		3892935419F0B4D6005BEB8D /* Ownership.m */ = {isa = PBXFileReference; fileEncoding = 4; lastKnownFileType = sourcecode.c.objc; path = Ownership.m; sourceTree = "<group>"; };
		38989F4D19F48D2D00E0D541 /* DetailVC.h */ = {isa = PBXFileReference; fileEncoding = 4; lastKnownFileType = sourcecode.c.h; path = DetailVC.h; sourceTree = "<group>"; };
		38989F4E19F48D2D00E0D541 /* DetailVC.m */ = {isa = PBXFileReference; fileEncoding = 4; lastKnownFileType = sourcecode.c.objc; path = DetailVC.m; sourceTree = "<group>"; };
		38A72D5419E8780E00AC5BDE /* kandiDB.sqlite */ = {isa = PBXFileReference; lastKnownFileType = file; path = kandiDB.sqlite; sourceTree = "<group>"; };
		38B5902F19C6AD7E00D27644 /* SettingsViewController.h */ = {isa = PBXFileReference; fileEncoding = 4; lastKnownFileType = sourcecode.c.h; path = SettingsViewController.h; sourceTree = "<group>"; };
		38B5903019C6AD7E00D27644 /* SettingsViewController.m */ = {isa = PBXFileReference; fileEncoding = 4; lastKnownFileType = sourcecode.c.objc; path = SettingsViewController.m; sourceTree = "<group>"; };
		38F9FA5E19C0D3E800EDA64C /* FBLoginViewController.h */ = {isa = PBXFileReference; fileEncoding = 4; lastKnownFileType = sourcecode.c.h; path = FBLoginViewController.h; sourceTree = "<group>"; };
		38F9FA5F19C0D3E800EDA64C /* FBLoginViewController.m */ = {isa = PBXFileReference; fileEncoding = 4; lastKnownFileType = sourcecode.c.objc; path = FBLoginViewController.m; sourceTree = "<group>"; };
/* End PBXFileReference section */

/* Begin PBXFrameworksBuildPhase section */
		388BD25619BEB98100ED1571 /* Frameworks */ = {
			isa = PBXFrameworksBuildPhase;
			buildActionMask = 2147483647;
			files = (
				386EAC5019E4DD09008E7C88 /* libsqlite3.0.dylib in Frameworks */,
				38392AE719BFE3A300D9D2CD /* AVFoundation.framework in Frameworks */,
				388BD25F19BEB98100ED1571 /* CoreGraphics.framework in Frameworks */,
				388BD26119BEB98100ED1571 /* UIKit.framework in Frameworks */,
				388BD25D19BEB98100ED1571 /* Foundation.framework in Frameworks */,
				381A8D1119C0348800AE4336 /* FacebookSDK.framework in Frameworks */,
			);
			runOnlyForDeploymentPostprocessing = 0;
		};
		388BD27719BEB98100ED1571 /* Frameworks */ = {
			isa = PBXFrameworksBuildPhase;
			buildActionMask = 2147483647;
			files = (
				388BD27C19BEB98100ED1571 /* XCTest.framework in Frameworks */,
				388BD27E19BEB98100ED1571 /* UIKit.framework in Frameworks */,
				388BD27D19BEB98100ED1571 /* Foundation.framework in Frameworks */,
			);
			runOnlyForDeploymentPostprocessing = 0;
		};
/* End PBXFrameworksBuildPhase section */

/* Begin PBXGroup section */
		1AB423CC19F8A75500914ABF /* KandiController */ = {
			isa = PBXGroup;
			children = (
				3864FA0219D8CD2800AB72A7 /* KandiTableViewController.h */,
				3864FA0319D8CD2800AB72A7 /* KandiTableViewController.m */,
				1AB423D019F8A8A300914ABF /* KandiTagNavigationController.h */,
				1AB423D119F8A8A300914ABF /* KandiTagNavigationController.m */,
				1AB423D619F8B58000914ABF /* KandiDetailViewController.h */,
				1AB423D719F8B58000914ABF /* KandiDetailViewController.m */,
				1AB423D919F8B63F00914ABF /* KandiTableViewCell.h */,
				1AB423DA19F8B63F00914ABF /* KandiTableViewCell.m */,
				1AB423DC19F8BD9E00914ABF /* KandiDetailTableViewController.h */,
				1AB423DD19F8BD9E00914ABF /* KandiDetailTableViewController.m */,
				1AB423DF19F8BE1E00914ABF /* KandiFriendMessageTableCell.h */,
				1AB423E019F8BE1E00914ABF /* KandiFriendMessageTableCell.m */,
			);
			path = KandiController;
			sourceTree = "<group>";
		};
		382DAC2119F4653000A077B8 /* ShapeView */ = {
			isa = PBXGroup;
			children = (
				382DAC2219F4653A00A077B8 /* ShapeView.h */,
				382DAC2319F4653A00A077B8 /* ShapeView.m */,
			);
			name = ShapeView;
			path = ..;
			sourceTree = "<group>";
		};
		3864F9FB19D8C8A400AB72A7 /* PageViewController */ = {
			isa = PBXGroup;
			children = (
				380334A519D9C15000D8A405 /* PageViewController.h */,
				380334A619D9C15000D8A405 /* PageViewController.m */,
			);
			name = PageViewController;
			sourceTree = "<group>";
		};
		388BD25019BEB98100ED1571 = {
			isa = PBXGroup;
			children = (
				388BD26219BEB98100ED1571 /* KandiTAG */,
				388BD28119BEB98100ED1571 /* KandiTAGTests */,
				388BD25B19BEB98100ED1571 /* Frameworks */,
				388BD25A19BEB98100ED1571 /* Products */,
			);
			sourceTree = "<group>";
		};
		388BD25A19BEB98100ED1571 /* Products */ = {
			isa = PBXGroup;
			children = (
				388BD25919BEB98100ED1571 /* KandiTAG.app */,
				388BD27A19BEB98100ED1571 /* KandiTAGTests.xctest */,
			);
			name = Products;
			sourceTree = "<group>";
		};
		388BD25B19BEB98100ED1571 /* Frameworks */ = {
			isa = PBXGroup;
			children = (
				386EAC4F19E4DD09008E7C88 /* libsqlite3.0.dylib */,
				381A8D1019C0348800AE4336 /* FacebookSDK.framework */,
				38392AE619BFE3A300D9D2CD /* AVFoundation.framework */,
				388BD25C19BEB98100ED1571 /* Foundation.framework */,
				388BD25E19BEB98100ED1571 /* CoreGraphics.framework */,
				388BD26019BEB98100ED1571 /* UIKit.framework */,
				388BD27B19BEB98100ED1571 /* XCTest.framework */,
			);
			name = Frameworks;
			sourceTree = "<group>";
		};
		388BD26219BEB98100ED1571 /* KandiTAG */ = {
			isa = PBXGroup;
			children = (
				1AB423CC19F8A75500914ABF /* KandiController */,
				388BD26E19BEB98100ED1571 /* Main.storyboard */,
				38D5CC4919E7746900AAD1D2 /* PopupViewController */,
				38E0DD3A19C653C300A60BAF /* DataObjects */,
				38F9FA5D19C0D3D900EDA64C /* FBLogin */,
				38D7241F19C6832900724C28 /* Settings */,
				3864F9FB19D8C8A400AB72A7 /* PageViewController */,
				382DAC2119F4653000A077B8 /* ShapeView */,
				388BD29319BEB99700ED1571 /* MainViewController */,
				388BD29119BEB98600ED1571 /* AppDelegate */,
				388BD27419BEB98100ED1571 /* Images.xcassets */,
				388BD26319BEB98100ED1571 /* SupportingFiles */,
			);
			path = KandiTAG;
			sourceTree = "<group>";
		};
		388BD26319BEB98100ED1571 /* SupportingFiles */ = {
			isa = PBXGroup;
			children = (
				38A72D5419E8780E00AC5BDE /* kandiDB.sqlite */,
				388BD26419BEB98100ED1571 /* KandiTAG-Info.plist */,
				388BD26519BEB98100ED1571 /* InfoPlist.strings */,
				388BD26819BEB98100ED1571 /* main.m */,
				388BD26A19BEB98100ED1571 /* KandiTAG-Prefix.pch */,
			);
			name = SupportingFiles;
			sourceTree = "<group>";
		};
		388BD28119BEB98100ED1571 /* KandiTAGTests */ = {
			isa = PBXGroup;
			children = (
				388BD28719BEB98100ED1571 /* KandiTAGTests.m */,
				388BD28219BEB98100ED1571 /* Supporting Files */,
			);
			path = KandiTAGTests;
			sourceTree = "<group>";
		};
		388BD28219BEB98100ED1571 /* Supporting Files */ = {
			isa = PBXGroup;
			children = (
				388BD28319BEB98100ED1571 /* KandiTAGTests-Info.plist */,
				388BD28419BEB98100ED1571 /* InfoPlist.strings */,
			);
			name = "Supporting Files";
			sourceTree = "<group>";
		};
		388BD29119BEB98600ED1571 /* AppDelegate */ = {
			isa = PBXGroup;
			children = (
				388BD26B19BEB98100ED1571 /* AppDelegate.h */,
				388BD26C19BEB98100ED1571 /* AppDelegate.m */,
				1AB3850219FB25F600243F92 /* NetworkUtil.h */,
				1AB3850319FB25F600243F92 /* NetworkUtil.m */,
			);
			name = AppDelegate;
			sourceTree = "<group>";
		};
		388BD29319BEB99700ED1571 /* MainViewController */ = {
			isa = PBXGroup;
			children = (
				1AB423D319F8AC0300914ABF /* QRScannerViewController.h */,
				1AB423D419F8AC0300914ABF /* QRScannerViewController.m */,
				1AB3850519FB4D3300243F92 /* QRCodeSaveDelegate.h */,
				1AB3850619FB4D3300243F92 /* QRCodeSaveDelegate.m */,
			);
			name = MainViewController;
			sourceTree = "<group>";
		};
		38D5CC4919E7746900AAD1D2 /* PopupViewController */ = {
			isa = PBXGroup;
			children = (
				38989F4D19F48D2D00E0D541 /* DetailVC.h */,
				38989F4E19F48D2D00E0D541 /* DetailVC.m */,
			);
			name = PopupViewController;
			sourceTree = "<group>";
		};
		38D7241F19C6832900724C28 /* Settings */ = {
			isa = PBXGroup;
			children = (
				38B5902F19C6AD7E00D27644 /* SettingsViewController.h */,
				38B5903019C6AD7E00D27644 /* SettingsViewController.m */,
			);
			name = Settings;
			sourceTree = "<group>";
		};
		38E0DD3A19C653C300A60BAF /* DataObjects */ = {
			isa = PBXGroup;
			children = (
				3892934D19F0ADCE005BEB8D /* User.h */,
				3892934E19F0ADCE005BEB8D /* User.m */,
				3892935019F0B48F005BEB8D /* QRCode.h */,
				3892935119F0B48F005BEB8D /* QRCode.m */,
				3892935319F0B4D6005BEB8D /* Ownership.h */,
				3892935419F0B4D6005BEB8D /* Ownership.m */,
			);
			name = DataObjects;
			sourceTree = "<group>";
		};
		38F9FA5D19C0D3D900EDA64C /* FBLogin */ = {
			isa = PBXGroup;
			children = (
				38F9FA5E19C0D3E800EDA64C /* FBLoginViewController.h */,
				38F9FA5F19C0D3E800EDA64C /* FBLoginViewController.m */,
			);
			name = FBLogin;
			sourceTree = "<group>";
		};
/* End PBXGroup section */

/* Begin PBXNativeTarget section */
		388BD25819BEB98100ED1571 /* KandiTAG */ = {
			isa = PBXNativeTarget;
			buildConfigurationList = 388BD28B19BEB98100ED1571 /* Build configuration list for PBXNativeTarget "KandiTAG" */;
			buildPhases = (
				388BD25519BEB98100ED1571 /* Sources */,
				388BD25619BEB98100ED1571 /* Frameworks */,
				388BD25719BEB98100ED1571 /* Resources */,
			);
			buildRules = (
			);
			dependencies = (
			);
			name = KandiTAG;
			productName = KandiTAG;
			productReference = 388BD25919BEB98100ED1571 /* KandiTAG.app */;
			productType = "com.apple.product-type.application";
		};
		388BD27919BEB98100ED1571 /* KandiTAGTests */ = {
			isa = PBXNativeTarget;
			buildConfigurationList = 388BD28E19BEB98100ED1571 /* Build configuration list for PBXNativeTarget "KandiTAGTests" */;
			buildPhases = (
				388BD27619BEB98100ED1571 /* Sources */,
				388BD27719BEB98100ED1571 /* Frameworks */,
				388BD27819BEB98100ED1571 /* Resources */,
			);
			buildRules = (
			);
			dependencies = (
				388BD28019BEB98100ED1571 /* PBXTargetDependency */,
			);
			name = KandiTAGTests;
			productName = KandiTAGTests;
			productReference = 388BD27A19BEB98100ED1571 /* KandiTAGTests.xctest */;
			productType = "com.apple.product-type.bundle.unit-test";
		};
/* End PBXNativeTarget section */

/* Begin PBXProject section */
		388BD25119BEB98100ED1571 /* Project object */ = {
			isa = PBXProject;
			attributes = {
				LastUpgradeCheck = 0510;
				ORGANIZATIONNAME = Jim;
				TargetAttributes = {
					388BD25819BEB98100ED1571 = {
						DevelopmentTeam = 5MTG27N3AW;
					};
					388BD27919BEB98100ED1571 = {
						TestTargetID = 388BD25819BEB98100ED1571;
					};
				};
			};
			buildConfigurationList = 388BD25419BEB98100ED1571 /* Build configuration list for PBXProject "KandiTAG" */;
			compatibilityVersion = "Xcode 3.2";
			developmentRegion = English;
			hasScannedForEncodings = 0;
			knownRegions = (
				en,
				Base,
			);
			mainGroup = 388BD25019BEB98100ED1571;
			productRefGroup = 388BD25A19BEB98100ED1571 /* Products */;
			projectDirPath = "";
			projectRoot = "";
			targets = (
				388BD25819BEB98100ED1571 /* KandiTAG */,
				388BD27919BEB98100ED1571 /* KandiTAGTests */,
			);
		};
/* End PBXProject section */

/* Begin PBXResourcesBuildPhase section */
		388BD25719BEB98100ED1571 /* Resources */ = {
			isa = PBXResourcesBuildPhase;
			buildActionMask = 2147483647;
			files = (
				3842D4FD19E899A400B11119 /* kandiDB.sqlite in Resources */,
				388BD27519BEB98100ED1571 /* Images.xcassets in Resources */,
				388BD26719BEB98100ED1571 /* InfoPlist.strings in Resources */,
				388BD27019BEB98100ED1571 /* Main.storyboard in Resources */,
			);
			runOnlyForDeploymentPostprocessing = 0;
		};
		388BD27819BEB98100ED1571 /* Resources */ = {
			isa = PBXResourcesBuildPhase;
			buildActionMask = 2147483647;
			files = (
				388BD28619BEB98100ED1571 /* InfoPlist.strings in Resources */,
			);
			runOnlyForDeploymentPostprocessing = 0;
		};
/* End PBXResourcesBuildPhase section */

/* Begin PBXSourcesBuildPhase section */
		388BD25519BEB98100ED1571 /* Sources */ = {
			isa = PBXSourcesBuildPhase;
			buildActionMask = 2147483647;
			files = (
				1AB423D519F8AC0300914ABF /* QRScannerViewController.m in Sources */,
				1AB3850419FB25F600243F92 /* NetworkUtil.m in Sources */,
				1AB423DE19F8BD9E00914ABF /* KandiDetailTableViewController.m in Sources */,
				3864FA0419D8CD2800AB72A7 /* KandiTableViewController.m in Sources */,
				1AB423DB19F8B63F00914ABF /* KandiTableViewCell.m in Sources */,
				3892935219F0B48F005BEB8D /* QRCode.m in Sources */,
				1AB3850719FB4D3300243F92 /* QRCodeSaveDelegate.m in Sources */,
				3892935519F0B4D6005BEB8D /* Ownership.m in Sources */,
				3892934F19F0ADCE005BEB8D /* User.m in Sources */,
				1AB423E119F8BE1E00914ABF /* KandiFriendMessageTableCell.m in Sources */,
				38989F4F19F48D2D00E0D541 /* DetailVC.m in Sources */,
				382DAC2419F4653A00A077B8 /* ShapeView.m in Sources */,
				388BD26D19BEB98100ED1571 /* AppDelegate.m in Sources */,
				1AB423D819F8B58000914ABF /* KandiDetailViewController.m in Sources */,
				380334A719D9C15000D8A405 /* PageViewController.m in Sources */,
				38F9FA6019C0D3E800EDA64C /* FBLoginViewController.m in Sources */,
				38B5903119C6AD7E00D27644 /* SettingsViewController.m in Sources */,
				1AB423D219F8A8A300914ABF /* KandiTagNavigationController.m in Sources */,
				388BD26919BEB98100ED1571 /* main.m in Sources */,
			);
			runOnlyForDeploymentPostprocessing = 0;
		};
		388BD27619BEB98100ED1571 /* Sources */ = {
			isa = PBXSourcesBuildPhase;
			buildActionMask = 2147483647;
			files = (
				388BD28819BEB98100ED1571 /* KandiTAGTests.m in Sources */,
			);
			runOnlyForDeploymentPostprocessing = 0;
		};
/* End PBXSourcesBuildPhase section */

/* Begin PBXTargetDependency section */
		388BD28019BEB98100ED1571 /* PBXTargetDependency */ = {
			isa = PBXTargetDependency;
			target = 388BD25819BEB98100ED1571 /* KandiTAG */;
			targetProxy = 388BD27F19BEB98100ED1571 /* PBXContainerItemProxy */;
		};
/* End PBXTargetDependency section */

/* Begin PBXVariantGroup section */
		388BD26519BEB98100ED1571 /* InfoPlist.strings */ = {
			isa = PBXVariantGroup;
			children = (
				388BD26619BEB98100ED1571 /* en */,
			);
			name = InfoPlist.strings;
			sourceTree = "<group>";
		};
		388BD26E19BEB98100ED1571 /* Main.storyboard */ = {
			isa = PBXVariantGroup;
			children = (
				388BD26F19BEB98100ED1571 /* Base */,
			);
			name = Main.storyboard;
			sourceTree = "<group>";
		};
		388BD28419BEB98100ED1571 /* InfoPlist.strings */ = {
			isa = PBXVariantGroup;
			children = (
				388BD28519BEB98100ED1571 /* en */,
			);
			name = InfoPlist.strings;
			sourceTree = "<group>";
		};
/* End PBXVariantGroup section */

/* Begin XCBuildConfiguration section */
		388BD28919BEB98100ED1571 /* Debug */ = {
			isa = XCBuildConfiguration;
			buildSettings = {
				ALWAYS_SEARCH_USER_PATHS = NO;
				CLANG_CXX_LANGUAGE_STANDARD = "gnu++0x";
				CLANG_CXX_LIBRARY = "libc++";
				CLANG_ENABLE_MODULES = YES;
				CLANG_ENABLE_OBJC_ARC = YES;
				CLANG_WARN_BOOL_CONVERSION = YES;
				CLANG_WARN_CONSTANT_CONVERSION = YES;
				CLANG_WARN_DIRECT_OBJC_ISA_USAGE = YES_ERROR;
				CLANG_WARN_EMPTY_BODY = YES;
				CLANG_WARN_ENUM_CONVERSION = YES;
				CLANG_WARN_INT_CONVERSION = YES;
				CLANG_WARN_OBJC_ROOT_CLASS = YES_ERROR;
				CLANG_WARN__DUPLICATE_METHOD_MATCH = YES;
				"CODE_SIGN_IDENTITY[sdk=iphoneos*]" = "iPhone Developer";
				COPY_PHASE_STRIP = NO;
				GCC_C_LANGUAGE_STANDARD = gnu99;
				GCC_DYNAMIC_NO_PIC = NO;
				GCC_OPTIMIZATION_LEVEL = 0;
				GCC_PREPROCESSOR_DEFINITIONS = (
					"DEBUG=1",
					"$(inherited)",
				);
				GCC_SYMBOLS_PRIVATE_EXTERN = NO;
				GCC_WARN_64_TO_32_BIT_CONVERSION = YES;
				GCC_WARN_ABOUT_RETURN_TYPE = YES_ERROR;
				GCC_WARN_UNDECLARED_SELECTOR = YES;
				GCC_WARN_UNINITIALIZED_AUTOS = YES_AGGRESSIVE;
				GCC_WARN_UNUSED_FUNCTION = YES;
				GCC_WARN_UNUSED_VARIABLE = YES;
				IPHONEOS_DEPLOYMENT_TARGET = 7.1;
				ONLY_ACTIVE_ARCH = YES;
				SDKROOT = iphoneos;
			};
			name = Debug;
		};
		388BD28A19BEB98100ED1571 /* Release */ = {
			isa = XCBuildConfiguration;
			buildSettings = {
				ALWAYS_SEARCH_USER_PATHS = NO;
				CLANG_CXX_LANGUAGE_STANDARD = "gnu++0x";
				CLANG_CXX_LIBRARY = "libc++";
				CLANG_ENABLE_MODULES = YES;
				CLANG_ENABLE_OBJC_ARC = YES;
				CLANG_WARN_BOOL_CONVERSION = YES;
				CLANG_WARN_CONSTANT_CONVERSION = YES;
				CLANG_WARN_DIRECT_OBJC_ISA_USAGE = YES_ERROR;
				CLANG_WARN_EMPTY_BODY = YES;
				CLANG_WARN_ENUM_CONVERSION = YES;
				CLANG_WARN_INT_CONVERSION = YES;
				CLANG_WARN_OBJC_ROOT_CLASS = YES_ERROR;
				CLANG_WARN__DUPLICATE_METHOD_MATCH = YES;
				"CODE_SIGN_IDENTITY[sdk=iphoneos*]" = "iPhone Developer";
				COPY_PHASE_STRIP = YES;
				ENABLE_NS_ASSERTIONS = NO;
				GCC_C_LANGUAGE_STANDARD = gnu99;
				GCC_WARN_64_TO_32_BIT_CONVERSION = YES;
				GCC_WARN_ABOUT_RETURN_TYPE = YES_ERROR;
				GCC_WARN_UNDECLARED_SELECTOR = YES;
				GCC_WARN_UNINITIALIZED_AUTOS = YES_AGGRESSIVE;
				GCC_WARN_UNUSED_FUNCTION = YES;
				GCC_WARN_UNUSED_VARIABLE = YES;
				IPHONEOS_DEPLOYMENT_TARGET = 7.1;
				SDKROOT = iphoneos;
				VALIDATE_PRODUCT = YES;
			};
			name = Release;
		};
		388BD28C19BEB98100ED1571 /* Debug */ = {
			isa = XCBuildConfiguration;
			buildSettings = {
				ASSETCATALOG_COMPILER_APPICON_NAME = AppIcon;
				ASSETCATALOG_COMPILER_LAUNCHIMAGE_NAME = LaunchImage;
				FRAMEWORK_SEARCH_PATHS = (
					"$(inherited)",
					"$(PROJECT_DIR)",
				);
				GCC_PRECOMPILE_PREFIX_HEADER = YES;
				GCC_PREFIX_HEADER = "KandiTAG/KandiTAG-Prefix.pch";
				INFOPLIST_FILE = "KandiTAG/KandiTAG-Info.plist";
				PRODUCT_NAME = "$(TARGET_NAME)";
				WRAPPER_EXTENSION = app;
			};
			name = Debug;
		};
		388BD28D19BEB98100ED1571 /* Release */ = {
			isa = XCBuildConfiguration;
			buildSettings = {
				ASSETCATALOG_COMPILER_APPICON_NAME = AppIcon;
				ASSETCATALOG_COMPILER_LAUNCHIMAGE_NAME = LaunchImage;
				FRAMEWORK_SEARCH_PATHS = (
					"$(inherited)",
					"$(PROJECT_DIR)",
				);
				GCC_PRECOMPILE_PREFIX_HEADER = YES;
				GCC_PREFIX_HEADER = "KandiTAG/KandiTAG-Prefix.pch";
				INFOPLIST_FILE = "KandiTAG/KandiTAG-Info.plist";
				PRODUCT_NAME = "$(TARGET_NAME)";
				WRAPPER_EXTENSION = app;
			};
			name = Release;
		};
		388BD28F19BEB98100ED1571 /* Debug */ = {
			isa = XCBuildConfiguration;
			buildSettings = {
				BUNDLE_LOADER = "$(BUILT_PRODUCTS_DIR)/KandiTAG.app/KandiTAG";
				FRAMEWORK_SEARCH_PATHS = (
					"$(SDKROOT)/Developer/Library/Frameworks",
					"$(inherited)",
					"$(DEVELOPER_FRAMEWORKS_DIR)",
				);
				GCC_PRECOMPILE_PREFIX_HEADER = YES;
				GCC_PREFIX_HEADER = "KandiTAG/KandiTAG-Prefix.pch";
				GCC_PREPROCESSOR_DEFINITIONS = (
					"DEBUG=1",
					"$(inherited)",
				);
				INFOPLIST_FILE = "KandiTAGTests/KandiTAGTests-Info.plist";
				PRODUCT_NAME = "$(TARGET_NAME)";
				TEST_HOST = "$(BUNDLE_LOADER)";
				WRAPPER_EXTENSION = xctest;
			};
			name = Debug;
		};
		388BD29019BEB98100ED1571 /* Release */ = {
			isa = XCBuildConfiguration;
			buildSettings = {
				BUNDLE_LOADER = "$(BUILT_PRODUCTS_DIR)/KandiTAG.app/KandiTAG";
				FRAMEWORK_SEARCH_PATHS = (
					"$(SDKROOT)/Developer/Library/Frameworks",
					"$(inherited)",
					"$(DEVELOPER_FRAMEWORKS_DIR)",
				);
				GCC_PRECOMPILE_PREFIX_HEADER = YES;
				GCC_PREFIX_HEADER = "KandiTAG/KandiTAG-Prefix.pch";
				INFOPLIST_FILE = "KandiTAGTests/KandiTAGTests-Info.plist";
				PRODUCT_NAME = "$(TARGET_NAME)";
				TEST_HOST = "$(BUNDLE_LOADER)";
				WRAPPER_EXTENSION = xctest;
			};
			name = Release;
		};
/* End XCBuildConfiguration section */

/* Begin XCConfigurationList section */
		388BD25419BEB98100ED1571 /* Build configuration list for PBXProject "KandiTAG" */ = {
			isa = XCConfigurationList;
			buildConfigurations = (
				388BD28919BEB98100ED1571 /* Debug */,
				388BD28A19BEB98100ED1571 /* Release */,
			);
			defaultConfigurationIsVisible = 0;
			defaultConfigurationName = Release;
		};
		388BD28B19BEB98100ED1571 /* Build configuration list for PBXNativeTarget "KandiTAG" */ = {
			isa = XCConfigurationList;
			buildConfigurations = (
				388BD28C19BEB98100ED1571 /* Debug */,
				388BD28D19BEB98100ED1571 /* Release */,
			);
			defaultConfigurationIsVisible = 0;
			defaultConfigurationName = Release;
		};
		388BD28E19BEB98100ED1571 /* Build configuration list for PBXNativeTarget "KandiTAGTests" */ = {
			isa = XCConfigurationList;
			buildConfigurations = (
				388BD28F19BEB98100ED1571 /* Debug */,
				388BD29019BEB98100ED1571 /* Release */,
			);
			defaultConfigurationIsVisible = 0;
			defaultConfigurationName = Release;
		};
/* End XCConfigurationList section */
	};
	rootObject = 388BD25119BEB98100ED1571 /* Project object */;
}
